<Solution>
  <Folder Name="/src/">
    <Project Path="src/TourDuLich.API/TourDuLich.API.csproj" />
    <Project Path="src/TourDuLich.Application/TourDuLich.Application.csproj" />
    <Project Path="src/TourDuLich.Domain/TourDuLich.Domain.csproj" />
    <Project Path="src/TourDuLich.Infrastructure/TourDuLich.Infrastructure.csproj" />
  </Folder>
</Solution>
